
Microsoft Visual Studio Solution File, Format Version 12.00
# Visual Studio 14
VisualStudioVersion = 14.0.25123.0
MinimumVisualStudioVersion = 10.0.40219.1
Project("{8ACD2746-E9D8-4F62-80C7-007392F8F471}") = "Sitecore.Support.416731", "Sitecore.Support.416731\Sitecore.Support.416731.csproj", "{70F382A5-EA27-4C45-A67A-4BB78DE6FEC4}"
EndProject
Global
	GlobalSection(SolutionConfigurationPlatforms) = preSolution
		Debug|Any CPU = Debug|Any CPU
		Release|Any CPU = Release|Any CPU
	EndGlobalSection
	GlobalSection(ProjectConfigurationPlatforms) = postSolution
		{70F382A5-EA27-4C45-A67A-4BB78DE6FEC4}.Debug|Any CPU.ActiveCfg = Debug|Any CPU
		{70F382A5-EA27-4C45-A67A-4BB78DE6FEC4}.Debug|Any CPU.Build.0 = Debug|Any CPU
		{70F382A5-EA27-4C45-A67A-4BB78DE6FEC4}.Release|Any CPU.ActiveCfg = Release|Any CPU
		{70F382A5-EA27-4C45-A67A-4BB78DE6FEC4}.Release|Any CPU.Build.0 = Release|Any CPU
	EndGlobalSection
	GlobalSection(SolutionProperties) = preSolution
		HideSolutionNode = FALSE
	EndGlobalSection
EndGlobal
